
Microsoft Visual Studio Solution File, Format Version 12.00
# Visual Studio Version 17
VisualStudioVersion = 17.14.36414.22 d17.14
MinimumVisualStudioVersion = 10.0.40219.1
Project("{FAE04EC0-301F-11D3-BF4B-00C04F79EFBC}") = "ATV29", "ATV29\ATV29.csproj", "{479259EF-0061-4561-BFAA-50923702F108}"
EndProject
Global
	GlobalSection(SolutionConfigurationPlatforms) = preSolution
		Debug|Any CPU = Debug|Any CPU
		Release|Any CPU = Release|Any CPU
	EndGlobalSection
	GlobalSection(ProjectConfigurationPlatforms) = postSolution
		{479259EF-0061-4561-BFAA-50923702F108}.Debug|Any CPU.ActiveCfg = Debug|Any CPU
		{479259EF-0061-4561-BFAA-50923702F108}.Debug|Any CPU.Build.0 = Debug|Any CPU
		{479259EF-0061-4561-BFAA-50923702F108}.Release|Any CPU.ActiveCfg = Release|Any CPU
		{479259EF-0061-4561-BFAA-50923702F108}.Release|Any CPU.Build.0 = Release|Any CPU
	EndGlobalSection
	GlobalSection(SolutionProperties) = preSolution
		HideSolutionNode = FALSE
	EndGlobalSection
	GlobalSection(ExtensibilityGlobals) = postSolution
		SolutionGuid = {F9788E87-18D3-4D93-87CC-453B8F4DE258}
	EndGlobalSection
EndGlobal
