
Microsoft Visual Studio Solution File, Format Version 12.00
# Visual Studio Version 17
VisualStudioVersion = 17.14.36414.22 d17.14
MinimumVisualStudioVersion = 10.0.40219.1
Project("{FAE04EC0-301F-11D3-BF4B-00C04F79EFBC}") = "ATV19", "ATV19\ATV19.csproj", "{6EB68C69-45DB-4881-8837-921DE261646C}"
EndProject
Global
	GlobalSection(SolutionConfigurationPlatforms) = preSolution
		Debug|Any CPU = Debug|Any CPU
		Release|Any CPU = Release|Any CPU
	EndGlobalSection
	GlobalSection(ProjectConfigurationPlatforms) = postSolution
		{6EB68C69-45DB-4881-8837-921DE261646C}.Debug|Any CPU.ActiveCfg = Debug|Any CPU
		{6EB68C69-45DB-4881-8837-921DE261646C}.Debug|Any CPU.Build.0 = Debug|Any CPU
		{6EB68C69-45DB-4881-8837-921DE261646C}.Release|Any CPU.ActiveCfg = Release|Any CPU
		{6EB68C69-45DB-4881-8837-921DE261646C}.Release|Any CPU.Build.0 = Release|Any CPU
	EndGlobalSection
	GlobalSection(SolutionProperties) = preSolution
		HideSolutionNode = FALSE
	EndGlobalSection
	GlobalSection(ExtensibilityGlobals) = postSolution
		SolutionGuid = {219EA2E0-9782-456D-B327-6B064F197E1E}
	EndGlobalSection
EndGlobal
