
Microsoft Visual Studio Solution File, Format Version 12.00
# Visual Studio Version 17
VisualStudioVersion = 17.14.36414.22 d17.14
MinimumVisualStudioVersion = 10.0.40219.1
Project("{FAE04EC0-301F-11D3-BF4B-00C04F79EFBC}") = "ATV18", "ATV18\ATV18.csproj", "{108D3BD9-6905-469A-B6BC-594C0D2E0144}"
EndProject
Global
	GlobalSection(SolutionConfigurationPlatforms) = preSolution
		Debug|Any CPU = Debug|Any CPU
		Release|Any CPU = Release|Any CPU
	EndGlobalSection
	GlobalSection(ProjectConfigurationPlatforms) = postSolution
		{108D3BD9-6905-469A-B6BC-594C0D2E0144}.Debug|Any CPU.ActiveCfg = Debug|Any CPU
		{108D3BD9-6905-469A-B6BC-594C0D2E0144}.Debug|Any CPU.Build.0 = Debug|Any CPU
		{108D3BD9-6905-469A-B6BC-594C0D2E0144}.Release|Any CPU.ActiveCfg = Release|Any CPU
		{108D3BD9-6905-469A-B6BC-594C0D2E0144}.Release|Any CPU.Build.0 = Release|Any CPU
	EndGlobalSection
	GlobalSection(SolutionProperties) = preSolution
		HideSolutionNode = FALSE
	EndGlobalSection
	GlobalSection(ExtensibilityGlobals) = postSolution
		SolutionGuid = {85DA800F-3710-4A4C-B866-4B9852133738}
	EndGlobalSection
EndGlobal
