
Microsoft Visual Studio Solution File, Format Version 12.00
# Visual Studio Version 17
VisualStudioVersion = 17.14.36414.22 d17.14
MinimumVisualStudioVersion = 10.0.40219.1
Project("{FAE04EC0-301F-11D3-BF4B-00C04F79EFBC}") = "ATV13", "ATV13\ATV13.csproj", "{050AE331-37E4-4811-B4E0-9E5AA487879B}"
EndProject
Global
	GlobalSection(SolutionConfigurationPlatforms) = preSolution
		Debug|Any CPU = Debug|Any CPU
		Release|Any CPU = Release|Any CPU
	EndGlobalSection
	GlobalSection(ProjectConfigurationPlatforms) = postSolution
		{050AE331-37E4-4811-B4E0-9E5AA487879B}.Debug|Any CPU.ActiveCfg = Debug|Any CPU
		{050AE331-37E4-4811-B4E0-9E5AA487879B}.Debug|Any CPU.Build.0 = Debug|Any CPU
		{050AE331-37E4-4811-B4E0-9E5AA487879B}.Release|Any CPU.ActiveCfg = Release|Any CPU
		{050AE331-37E4-4811-B4E0-9E5AA487879B}.Release|Any CPU.Build.0 = Release|Any CPU
	EndGlobalSection
	GlobalSection(SolutionProperties) = preSolution
		HideSolutionNode = FALSE
	EndGlobalSection
	GlobalSection(ExtensibilityGlobals) = postSolution
		SolutionGuid = {3ACE7D83-8773-448B-9958-FE72C3CEFCDE}
	EndGlobalSection
EndGlobal
