
Microsoft Visual Studio Solution File, Format Version 12.00
# Visual Studio Version 17
VisualStudioVersion = 17.14.36414.22 d17.14
MinimumVisualStudioVersion = 10.0.40219.1
Project("{FAE04EC0-301F-11D3-BF4B-00C04F79EFBC}") = "AVT11", "AVT11\AVT11.csproj", "{74D954D5-3C83-4DC0-B69B-A20EF3148AE0}"
EndProject
Global
	GlobalSection(SolutionConfigurationPlatforms) = preSolution
		Debug|Any CPU = Debug|Any CPU
		Release|Any CPU = Release|Any CPU
	EndGlobalSection
	GlobalSection(ProjectConfigurationPlatforms) = postSolution
		{74D954D5-3C83-4DC0-B69B-A20EF3148AE0}.Debug|Any CPU.ActiveCfg = Debug|Any CPU
		{74D954D5-3C83-4DC0-B69B-A20EF3148AE0}.Debug|Any CPU.Build.0 = Debug|Any CPU
		{74D954D5-3C83-4DC0-B69B-A20EF3148AE0}.Release|Any CPU.ActiveCfg = Release|Any CPU
		{74D954D5-3C83-4DC0-B69B-A20EF3148AE0}.Release|Any CPU.Build.0 = Release|Any CPU
	EndGlobalSection
	GlobalSection(SolutionProperties) = preSolution
		HideSolutionNode = FALSE
	EndGlobalSection
	GlobalSection(ExtensibilityGlobals) = postSolution
		SolutionGuid = {154A93B5-B2D8-4893-B7A1-2AB583389B7C}
	EndGlobalSection
EndGlobal
