
Microsoft Visual Studio Solution File, Format Version 12.00
# Visual Studio Version 17
VisualStudioVersion = 17.14.36414.22 d17.14
MinimumVisualStudioVersion = 10.0.40219.1
Project("{FAE04EC0-301F-11D3-BF4B-00C04F79EFBC}") = "ATV30", "ATV30\ATV30.csproj", "{5705CE8C-CF83-4DE5-8A39-8CD3F9435423}"
EndProject
Global
	GlobalSection(SolutionConfigurationPlatforms) = preSolution
		Debug|Any CPU = Debug|Any CPU
		Release|Any CPU = Release|Any CPU
	EndGlobalSection
	GlobalSection(ProjectConfigurationPlatforms) = postSolution
		{5705CE8C-CF83-4DE5-8A39-8CD3F9435423}.Debug|Any CPU.ActiveCfg = Debug|Any CPU
		{5705CE8C-CF83-4DE5-8A39-8CD3F9435423}.Debug|Any CPU.Build.0 = Debug|Any CPU
		{5705CE8C-CF83-4DE5-8A39-8CD3F9435423}.Release|Any CPU.ActiveCfg = Release|Any CPU
		{5705CE8C-CF83-4DE5-8A39-8CD3F9435423}.Release|Any CPU.Build.0 = Release|Any CPU
	EndGlobalSection
	GlobalSection(SolutionProperties) = preSolution
		HideSolutionNode = FALSE
	EndGlobalSection
	GlobalSection(ExtensibilityGlobals) = postSolution
		SolutionGuid = {5A0D1F25-45B2-4E4F-A289-2763B89CF99E}
	EndGlobalSection
EndGlobal
